// !$*UTF8*$!
{
	archiveVersion = 1;
	classes = {
	};
	objectVersion = 56;
	objects = {

/* Begin PBXBuildFile section */
		9907545E2BEE771A00A2DC5B /* SwiftUIPager in Frameworks */ = {isa = PBXBuildFile; productRef = 9907545D2BEE771A00A2DC5B /* SwiftUIPager */; };
		990754602BEE774D00A2DC5B /* SongsView.swift in Sources */ = {isa = PBXBuildFile; fileRef = 9907545F2BEE774D00A2DC5B /* SongsView.swift */; };
		990754622BEE78A600A2DC5B /* SongView.swift in Sources */ = {isa = PBXBuildFile; fileRef = 990754612BEE78A600A2DC5B /* SongView.swift */; };
		9950017D2BCF03D000B50F76 /* SettingsView.swift in Sources */ = {isa = PBXBuildFile; fileRef = 9950017C2BCF03D000B50F76 /* SettingsView.swift */; };
		996A2EF12BCD9DE8008FA3F6 /* spevnik.json in Resources */ = {isa = PBXBuildFile; fileRef = 996A2EF02BCD9DE8008FA3F6 /* spevnik.json */; };
		996A2EF52BCD9F3B008FA3F6 /* Song.swift in Sources */ = {isa = PBXBuildFile; fileRef = 996A2EF42BCD9F3B008FA3F6 /* Song.swift */; };
		996A2EF72BCD9F69008FA3F6 /* SongVerse.swift in Sources */ = {isa = PBXBuildFile; fileRef = 996A2EF62BCD9F69008FA3F6 /* SongVerse.swift */; };
		996A2EFC2BCDA2A0008FA3F6 /* MainView.swift in Sources */ = {isa = PBXBuildFile; fileRef = 996A2EFB2BCDA2A0008FA3F6 /* MainView.swift */; };
		996A2EFF2BCDA5C9008FA3F6 /* Bundle++.swift in Sources */ = {isa = PBXBuildFile; fileRef = 996A2EFE2BCDA5C9008FA3F6 /* Bundle++.swift */; };
		996A2F052BCDB00E008FA3F6 /* JSONSongsParsing.swift in Sources */ = {isa = PBXBuildFile; fileRef = 996A2F042BCDB00E008FA3F6 /* JSONSongsParsing.swift */; };
		99FC29282BCD9CC600736C65 /* spevnik_casdApp.swift in Sources */ = {isa = PBXBuildFile; fileRef = 99FC29272BCD9CC600736C65 /* spevnik_casdApp.swift */; };
		99FC292E2BCD9CC600736C65 /* Assets.xcassets in Resources */ = {isa = PBXBuildFile; fileRef = 99FC292D2BCD9CC600736C65 /* Assets.xcassets */; };
		99FC29312BCD9CC600736C65 /* Preview Assets.xcassets in Resources */ = {isa = PBXBuildFile; fileRef = 99FC29302BCD9CC600736C65 /* Preview Assets.xcassets */; };
/* End PBXBuildFile section */

/* Begin PBXFileReference section */
		9907545F2BEE774D00A2DC5B /* SongsView.swift */ = {isa = PBXFileReference; lastKnownFileType = sourcecode.swift; path = SongsView.swift; sourceTree = "<group>"; };
		990754612BEE78A600A2DC5B /* SongView.swift */ = {isa = PBXFileReference; lastKnownFileType = sourcecode.swift; path = SongView.swift; sourceTree = "<group>"; };
		9950017C2BCF03D000B50F76 /* SettingsView.swift */ = {isa = PBXFileReference; lastKnownFileType = sourcecode.swift; path = SettingsView.swift; sourceTree = "<group>"; };
		996A2EF02BCD9DE8008FA3F6 /* spevnik.json */ = {isa = PBXFileReference; fileEncoding = 4; lastKnownFileType = text.json; path = spevnik.json; sourceTree = "<group>"; };
		996A2EF42BCD9F3B008FA3F6 /* Song.swift */ = {isa = PBXFileReference; lastKnownFileType = sourcecode.swift; path = Song.swift; sourceTree = "<group>"; };
		996A2EF62BCD9F69008FA3F6 /* SongVerse.swift */ = {isa = PBXFileReference; lastKnownFileType = sourcecode.swift; path = SongVerse.swift; sourceTree = "<group>"; };
		996A2EFB2BCDA2A0008FA3F6 /* MainView.swift */ = {isa = PBXFileReference; lastKnownFileType = sourcecode.swift; path = MainView.swift; sourceTree = "<group>"; };
		996A2EFE2BCDA5C9008FA3F6 /* Bundle++.swift */ = {isa = PBXFileReference; lastKnownFileType = sourcecode.swift; path = "Bundle++.swift"; sourceTree = "<group>"; };
		996A2F042BCDB00E008FA3F6 /* JSONSongsParsing.swift */ = {isa = PBXFileReference; lastKnownFileType = sourcecode.swift; path = JSONSongsParsing.swift; sourceTree = "<group>"; };
		99FC29242BCD9CC600736C65 /* spevnik-casd.app */ = {isa = PBXFileReference; explicitFileType = wrapper.application; includeInIndex = 0; path = "spevnik-casd.app"; sourceTree = BUILT_PRODUCTS_DIR; };
		99FC29272BCD9CC600736C65 /* spevnik_casdApp.swift */ = {isa = PBXFileReference; lastKnownFileType = sourcecode.swift; path = spevnik_casdApp.swift; sourceTree = "<group>"; };
		99FC292D2BCD9CC600736C65 /* Assets.xcassets */ = {isa = PBXFileReference; lastKnownFileType = folder.assetcatalog; path = Assets.xcassets; sourceTree = "<group>"; };
		99FC29302BCD9CC600736C65 /* Preview Assets.xcassets */ = {isa = PBXFileReference; lastKnownFileType = folder.assetcatalog; path = "Preview Assets.xcassets"; sourceTree = "<group>"; };
/* End PBXFileReference section */

/* Begin PBXFrameworksBuildPhase section */
		99FC29212BCD9CC600736C65 /* Frameworks */ = {
			isa = PBXFrameworksBuildPhase;
			buildActionMask = 2147483647;
			files = (
				9907545E2BEE771A00A2DC5B /* SwiftUIPager in Frameworks */,
			);
			runOnlyForDeploymentPostprocessing = 0;
		};
/* End PBXFrameworksBuildPhase section */

/* Begin PBXGroup section */
		996A2EFA2BCDA287008FA3F6 /* Views */ = {
			isa = PBXGroup;
			children = (
				996A2EFB2BCDA2A0008FA3F6 /* MainView.swift */,
				9950017C2BCF03D000B50F76 /* SettingsView.swift */,
				9907545F2BEE774D00A2DC5B /* SongsView.swift */,
				990754612BEE78A600A2DC5B /* SongView.swift */,
			);
			path = Views;
			sourceTree = "<group>";
		};
		996A2EFD2BCDA5BB008FA3F6 /* Utilities */ = {
			isa = PBXGroup;
			children = (
				996A2EFE2BCDA5C9008FA3F6 /* Bundle++.swift */,
				996A2F042BCDB00E008FA3F6 /* JSONSongsParsing.swift */,
			);
			path = Utilities;
			sourceTree = "<group>";
		};
		99FC291B2BCD9CC600736C65 = {
			isa = PBXGroup;
			children = (
				99FC29262BCD9CC600736C65 /* spevnik-casd */,
				99FC29252BCD9CC600736C65 /* Products */,
			);
			sourceTree = "<group>";
		};
		99FC29252BCD9CC600736C65 /* Products */ = {
			isa = PBXGroup;
			children = (
				99FC29242BCD9CC600736C65 /* spevnik-casd.app */,
			);
			name = Products;
			sourceTree = "<group>";
		};
		99FC29262BCD9CC600736C65 /* spevnik-casd */ = {
			isa = PBXGroup;
			children = (
				99FC29382BCD9D3300736C65 /* Resources */,
				99FC29372BCD9D2C00736C65 /* Model */,
				996A2EFA2BCDA287008FA3F6 /* Views */,
				996A2EFD2BCDA5BB008FA3F6 /* Utilities */,
				99FC29272BCD9CC600736C65 /* spevnik_casdApp.swift */,
				99FC292D2BCD9CC600736C65 /* Assets.xcassets */,
				99FC292F2BCD9CC600736C65 /* Preview Content */,
			);
			path = "spevnik-casd";
			sourceTree = "<group>";
		};
		99FC292F2BCD9CC600736C65 /* Preview Content */ = {
			isa = PBXGroup;
			children = (
				99FC29302BCD9CC600736C65 /* Preview Assets.xcassets */,
			);
			path = "Preview Content";
			sourceTree = "<group>";
		};
		99FC29372BCD9D2C00736C65 /* Model */ = {
			isa = PBXGroup;
			children = (
				996A2EF42BCD9F3B008FA3F6 /* Song.swift */,
				996A2EF62BCD9F69008FA3F6 /* SongVerse.swift */,
			);
			path = Model;
			sourceTree = "<group>";
		};
		99FC29382BCD9D3300736C65 /* Resources */ = {
			isa = PBXGroup;
			children = (
				996A2EF02BCD9DE8008FA3F6 /* spevnik.json */,
			);
			path = Resources;
			sourceTree = "<group>";
		};
/* End PBXGroup section */

/* Begin PBXNativeTarget section */
		99FC29232BCD9CC600736C65 /* spevnik-casd */ = {
			isa = PBXNativeTarget;
			buildConfigurationList = 99FC29342BCD9CC600736C65 /* Build configuration list for PBXNativeTarget "spevnik-casd" */;
			buildPhases = (
				99FC29202BCD9CC600736C65 /* Sources */,
				99FC29212BCD9CC600736C65 /* Frameworks */,
				99FC29222BCD9CC600736C65 /* Resources */,
			);
			buildRules = (
			);
			dependencies = (
			);
			name = "spevnik-casd";
			packageProductDependencies = (
				9907545D2BEE771A00A2DC5B /* SwiftUIPager */,
			);
			productName = "spevnik-casd";
			productReference = 99FC29242BCD9CC600736C65 /* spevnik-casd.app */;
			productType = "com.apple.product-type.application";
		};
/* End PBXNativeTarget section */

/* Begin PBXProject section */
		99FC291C2BCD9CC600736C65 /* Project object */ = {
			isa = PBXProject;
			attributes = {
				BuildIndependentTargetsInParallel = 1;
				LastSwiftUpdateCheck = 1500;
				LastUpgradeCheck = 1500;
				TargetAttributes = {
					99FC29232BCD9CC600736C65 = {
						CreatedOnToolsVersion = 15.0;
					};
				};
			};
			buildConfigurationList = 99FC291F2BCD9CC600736C65 /* Build configuration list for PBXProject "spevnik-casd" */;
			compatibilityVersion = "Xcode 14.0";
			developmentRegion = en;
			hasScannedForEncodings = 0;
			knownRegions = (
				en,
				Base,
			);
			mainGroup = 99FC291B2BCD9CC600736C65;
			packageReferences = (
				9907545C2BEE771A00A2DC5B /* XCRemoteSwiftPackageReference "SwiftUIPager" */,
			);
			productRefGroup = 99FC29252BCD9CC600736C65 /* Products */;
			projectDirPath = "";
			projectRoot = "";
			targets = (
				99FC29232BCD9CC600736C65 /* spevnik-casd */,
			);
		};
/* End PBXProject section */

/* Begin PBXResourcesBuildPhase section */
		99FC29222BCD9CC600736C65 /* Resources */ = {
			isa = PBXResourcesBuildPhase;
			buildActionMask = 2147483647;
			files = (
				996A2EF12BCD9DE8008FA3F6 /* spevnik.json in Resources */,
				99FC29312BCD9CC600736C65 /* Preview Assets.xcassets in Resources */,
				99FC292E2BCD9CC600736C65 /* Assets.xcassets in Resources */,
			);
			runOnlyForDeploymentPostprocessing = 0;
		};
/* End PBXResourcesBuildPhase section */

/* Begin PBXSourcesBuildPhase section */
		99FC29202BCD9CC600736C65 /* Sources */ = {
			isa = PBXSourcesBuildPhase;
			buildActionMask = 2147483647;
			files = (
				9950017D2BCF03D000B50F76 /* SettingsView.swift in Sources */,
				996A2EF72BCD9F69008FA3F6 /* SongVerse.swift in Sources */,
				996A2F052BCDB00E008FA3F6 /* JSONSongsParsing.swift in Sources */,
				996A2EFC2BCDA2A0008FA3F6 /* MainView.swift in Sources */,
				990754602BEE774D00A2DC5B /* SongsView.swift in Sources */,
				99FC29282BCD9CC600736C65 /* spevnik_casdApp.swift in Sources */,
				996A2EF52BCD9F3B008FA3F6 /* Song.swift in Sources */,
				990754622BEE78A600A2DC5B /* SongView.swift in Sources */,
				996A2EFF2BCDA5C9008FA3F6 /* Bundle++.swift in Sources */,
			);
			runOnlyForDeploymentPostprocessing = 0;
		};
/* End PBXSourcesBuildPhase section */

/* Begin XCBuildConfiguration section */
		99FC29322BCD9CC600736C65 /* Debug */ = {
			isa = XCBuildConfiguration;
			buildSettings = {
				ALWAYS_SEARCH_USER_PATHS = NO;
				ASSETCATALOG_COMPILER_GENERATE_SWIFT_ASSET_SYMBOL_EXTENSIONS = YES;
				CLANG_ANALYZER_NONNULL = YES;
				CLANG_ANALYZER_NUMBER_OBJECT_CONVERSION = YES_AGGRESSIVE;
				CLANG_CXX_LANGUAGE_STANDARD = "gnu++20";
				CLANG_ENABLE_MODULES = YES;
				CLANG_ENABLE_OBJC_ARC = YES;
				CLANG_ENABLE_OBJC_WEAK = YES;
				CLANG_WARN_BLOCK_CAPTURE_AUTORELEASING = YES;
				CLANG_WARN_BOOL_CONVERSION = YES;
				CLANG_WARN_COMMA = YES;
				CLANG_WARN_CONSTANT_CONVERSION = YES;
				CLANG_WARN_DEPRECATED_OBJC_IMPLEMENTATIONS = YES;
				CLANG_WARN_DIRECT_OBJC_ISA_USAGE = YES_ERROR;
				CLANG_WARN_DOCUMENTATION_COMMENTS = YES;
				CLANG_WARN_EMPTY_BODY = YES;
				CLANG_WARN_ENUM_CONVERSION = YES;
				CLANG_WARN_INFINITE_RECURSION = YES;
				CLANG_WARN_INT_CONVERSION = YES;
				CLANG_WARN_NON_LITERAL_NULL_CONVERSION = YES;
				CLANG_WARN_OBJC_IMPLICIT_RETAIN_SELF = YES;
				CLANG_WARN_OBJC_LITERAL_CONVERSION = YES;
				CLANG_WARN_OBJC_ROOT_CLASS = YES_ERROR;
				CLANG_WARN_QUOTED_INCLUDE_IN_FRAMEWORK_HEADER = YES;
				CLANG_WARN_RANGE_LOOP_ANALYSIS = YES;
				CLANG_WARN_STRICT_PROTOTYPES = YES;
				CLANG_WARN_SUSPICIOUS_MOVE = YES;
				CLANG_WARN_UNGUARDED_AVAILABILITY = YES_AGGRESSIVE;
				CLANG_WARN_UNREACHABLE_CODE = YES;
				CLANG_WARN__DUPLICATE_METHOD_MATCH = YES;
				COPY_PHASE_STRIP = NO;
				DEBUG_INFORMATION_FORMAT = dwarf;
				ENABLE_STRICT_OBJC_MSGSEND = YES;
				ENABLE_TESTABILITY = YES;
				ENABLE_USER_SCRIPT_SANDBOXING = YES;
				GCC_C_LANGUAGE_STANDARD = gnu17;
				GCC_DYNAMIC_NO_PIC = NO;
				GCC_NO_COMMON_BLOCKS = YES;
				GCC_OPTIMIZATION_LEVEL = 0;
				GCC_PREPROCESSOR_DEFINITIONS = (
					"DEBUG=1",
					"$(inherited)",
				);
				GCC_WARN_64_TO_32_BIT_CONVERSION = YES;
				GCC_WARN_ABOUT_RETURN_TYPE = YES_ERROR;
				GCC_WARN_UNDECLARED_SELECTOR = YES;
				GCC_WARN_UNINITIALIZED_AUTOS = YES_AGGRESSIVE;
				GCC_WARN_UNUSED_FUNCTION = YES;
				GCC_WARN_UNUSED_VARIABLE = YES;
				IPHONEOS_DEPLOYMENT_TARGET = 17.0;
				LOCALIZATION_PREFERS_STRING_CATALOGS = YES;
				MTL_ENABLE_DEBUG_INFO = INCLUDE_SOURCE;
				MTL_FAST_MATH = YES;
				ONLY_ACTIVE_ARCH = YES;
				SDKROOT = iphoneos;
				SWIFT_ACTIVE_COMPILATION_CONDITIONS = "DEBUG $(inherited)";
				SWIFT_OPTIMIZATION_LEVEL = "-Onone";
			};
			name = Debug;
		};
		99FC29332BCD9CC600736C65 /* Release */ = {
			isa = XCBuildConfiguration;
			buildSettings = {
				ALWAYS_SEARCH_USER_PATHS = NO;
				ASSETCATALOG_COMPILER_GENERATE_SWIFT_ASSET_SYMBOL_EXTENSIONS = YES;
				CLANG_ANALYZER_NONNULL = YES;
				CLANG_ANALYZER_NUMBER_OBJECT_CONVERSION = YES_AGGRESSIVE;
				CLANG_CXX_LANGUAGE_STANDARD = "gnu++20";
				CLANG_ENABLE_MODULES = YES;
				CLANG_ENABLE_OBJC_ARC = YES;
				CLANG_ENABLE_OBJC_WEAK = YES;
				CLANG_WARN_BLOCK_CAPTURE_AUTORELEASING = YES;
				CLANG_WARN_BOOL_CONVERSION = YES;
				CLANG_WARN_COMMA = YES;
				CLANG_WARN_CONSTANT_CONVERSION = YES;
				CLANG_WARN_DEPRECATED_OBJC_IMPLEMENTATIONS = YES;
				CLANG_WARN_DIRECT_OBJC_ISA_USAGE = YES_ERROR;
				CLANG_WARN_DOCUMENTATION_COMMENTS = YES;
				CLANG_WARN_EMPTY_BODY = YES;
				CLANG_WARN_ENUM_CONVERSION = YES;
				CLANG_WARN_INFINITE_RECURSION = YES;
				CLANG_WARN_INT_CONVERSION = YES;
				CLANG_WARN_NON_LITERAL_NULL_CONVERSION = YES;
				CLANG_WARN_OBJC_IMPLICIT_RETAIN_SELF = YES;
				CLANG_WARN_OBJC_LITERAL_CONVERSION = YES;
				CLANG_WARN_OBJC_ROOT_CLASS = YES_ERROR;
				CLANG_WARN_QUOTED_INCLUDE_IN_FRAMEWORK_HEADER = YES;
				CLANG_WARN_RANGE_LOOP_ANALYSIS = YES;
				CLANG_WARN_STRICT_PROTOTYPES = YES;
				CLANG_WARN_SUSPICIOUS_MOVE = YES;
				CLANG_WARN_UNGUARDED_AVAILABILITY = YES_AGGRESSIVE;
				CLANG_WARN_UNREACHABLE_CODE = YES;
				CLANG_WARN__DUPLICATE_METHOD_MATCH = YES;
				COPY_PHASE_STRIP = NO;
				DEBUG_INFORMATION_FORMAT = "dwarf-with-dsym";
				ENABLE_NS_ASSERTIONS = NO;
				ENABLE_STRICT_OBJC_MSGSEND = YES;
				ENABLE_USER_SCRIPT_SANDBOXING = YES;
				GCC_C_LANGUAGE_STANDARD = gnu17;
				GCC_NO_COMMON_BLOCKS = YES;
				GCC_WARN_64_TO_32_BIT_CONVERSION = YES;
				GCC_WARN_ABOUT_RETURN_TYPE = YES_ERROR;
				GCC_WARN_UNDECLARED_SELECTOR = YES;
				GCC_WARN_UNINITIALIZED_AUTOS = YES_AGGRESSIVE;
				GCC_WARN_UNUSED_FUNCTION = YES;
				GCC_WARN_UNUSED_VARIABLE = YES;
				IPHONEOS_DEPLOYMENT_TARGET = 17.0;
				LOCALIZATION_PREFERS_STRING_CATALOGS = YES;
				MTL_ENABLE_DEBUG_INFO = NO;
				MTL_FAST_MATH = YES;
				SDKROOT = iphoneos;
				SWIFT_COMPILATION_MODE = wholemodule;
				VALIDATE_PRODUCT = YES;
			};
			name = Release;
		};
		99FC29352BCD9CC600736C65 /* Debug */ = {
			isa = XCBuildConfiguration;
			buildSettings = {
				ASSETCATALOG_COMPILER_APPICON_NAME = AppIcon;
				ASSETCATALOG_COMPILER_GLOBAL_ACCENT_COLOR_NAME = AccentColor;
				CODE_SIGN_STYLE = Automatic;
				CURRENT_PROJECT_VERSION = 1;
				DEVELOPMENT_ASSET_PATHS = "\"spevnik-casd/Preview Content\"";
				DEVELOPMENT_TEAM = D89CSBBCFJ;
				ENABLE_PREVIEWS = YES;
				GENERATE_INFOPLIST_FILE = YES;
				INFOPLIST_KEY_CFBundleDisplayName = "CASD Spevník";
				INFOPLIST_KEY_LSApplicationCategoryType = "public.app-category.music";
				INFOPLIST_KEY_UIApplicationSceneManifest_Generation = YES;
				INFOPLIST_KEY_UIApplicationSupportsIndirectInputEvents = YES;
				INFOPLIST_KEY_UILaunchScreen_Generation = YES;
				INFOPLIST_KEY_UISupportedInterfaceOrientations_iPad = "UIInterfaceOrientationPortrait UIInterfaceOrientationPortraitUpsideDown UIInterfaceOrientationLandscapeLeft UIInterfaceOrientationLandscapeRight";
				INFOPLIST_KEY_UISupportedInterfaceOrientations_iPhone = "UIInterfaceOrientationPortrait UIInterfaceOrientationLandscapeLeft UIInterfaceOrientationLandscapeRight";
				LD_RUNPATH_SEARCH_PATHS = (
					"$(inherited)",
					"@executable_path/Frameworks",
				);
				MARKETING_VERSION = 1.0;
				PRODUCT_BUNDLE_IDENTIFIER = "org.valesoft.casd.spevnik-casd";
				PRODUCT_NAME = "$(TARGET_NAME)";
				SWIFT_EMIT_LOC_STRINGS = YES;
				SWIFT_VERSION = 5.0;
				TARGETED_DEVICE_FAMILY = "1,2";
			};
			name = Debug;
		};
		99FC29362BCD9CC600736C65 /* Release */ = {
			isa = XCBuildConfiguration;
			buildSettings = {
				ASSETCATALOG_COMPILER_APPICON_NAME = AppIcon;
				ASSETCATALOG_COMPILER_GLOBAL_ACCENT_COLOR_NAME = AccentColor;
				CODE_SIGN_STYLE = Automatic;
				CURRENT_PROJECT_VERSION = 1;
				DEVELOPMENT_ASSET_PATHS = "\"spevnik-casd/Preview Content\"";
				DEVELOPMENT_TEAM = D89CSBBCFJ;
				ENABLE_PREVIEWS = YES;
				GENERATE_INFOPLIST_FILE = YES;
				INFOPLIST_KEY_CFBundleDisplayName = "CASD Spevník";
				INFOPLIST_KEY_LSApplicationCategoryType = "public.app-category.music";
				INFOPLIST_KEY_UIApplicationSceneManifest_Generation = YES;
				INFOPLIST_KEY_UIApplicationSupportsIndirectInputEvents = YES;
				INFOPLIST_KEY_UILaunchScreen_Generation = YES;
				INFOPLIST_KEY_UISupportedInterfaceOrientations_iPad = "UIInterfaceOrientationPortrait UIInterfaceOrientationPortraitUpsideDown UIInterfaceOrientationLandscapeLeft UIInterfaceOrientationLandscapeRight";
				INFOPLIST_KEY_UISupportedInterfaceOrientations_iPhone = "UIInterfaceOrientationPortrait UIInterfaceOrientationLandscapeLeft UIInterfaceOrientationLandscapeRight";
				LD_RUNPATH_SEARCH_PATHS = (
					"$(inherited)",
					"@executable_path/Frameworks",
				);
				MARKETING_VERSION = 1.0;
				PRODUCT_BUNDLE_IDENTIFIER = "org.valesoft.casd.spevnik-casd";
				PRODUCT_NAME = "$(TARGET_NAME)";
				SWIFT_EMIT_LOC_STRINGS = YES;
				SWIFT_VERSION = 5.0;
				TARGETED_DEVICE_FAMILY = "1,2";
			};
			name = Release;
		};
/* End XCBuildConfiguration section */

/* Begin XCConfigurationList section */
		99FC291F2BCD9CC600736C65 /* Build configuration list for PBXProject "spevnik-casd" */ = {
			isa = XCConfigurationList;
			buildConfigurations = (
				99FC29322BCD9CC600736C65 /* Debug */,
				99FC29332BCD9CC600736C65 /* Release */,
			);
			defaultConfigurationIsVisible = 0;
			defaultConfigurationName = Release;
		};
		99FC29342BCD9CC600736C65 /* Build configuration list for PBXNativeTarget "spevnik-casd" */ = {
			isa = XCConfigurationList;
			buildConfigurations = (
				99FC29352BCD9CC600736C65 /* Debug */,
				99FC29362BCD9CC600736C65 /* Release */,
			);
			defaultConfigurationIsVisible = 0;
			defaultConfigurationName = Release;
		};
/* End XCConfigurationList section */

/* Begin XCRemoteSwiftPackageReference section */
		9907545C2BEE771A00A2DC5B /* XCRemoteSwiftPackageReference "SwiftUIPager" */ = {
			isa = XCRemoteSwiftPackageReference;
			repositoryURL = "https://github.com/fermoya/SwiftUIPager.git";
			requirement = {
				branch = main;
				kind = branch;
			};
		};
/* End XCRemoteSwiftPackageReference section */

/* Begin XCSwiftPackageProductDependency section */
		9907545D2BEE771A00A2DC5B /* SwiftUIPager */ = {
			isa = XCSwiftPackageProductDependency;
			package = 9907545C2BEE771A00A2DC5B /* XCRemoteSwiftPackageReference "SwiftUIPager" */;
			productName = SwiftUIPager;
		};
/* End XCSwiftPackageProductDependency section */
	};
	rootObject = 99FC291C2BCD9CC600736C65 /* Project object */;
}
